
Microsoft Visual Studio Solution File, Format Version 12.00
# Visual Studio 2012
Project("{FAE04EC0-301F-11D3-BF4B-00C04F79EFBC}") = "Volley", "Volley\Volley.csproj", "{4C7872EA-E5C9-4EF7-B376-60D3B6134B37}"
EndProject
Project("{FAE04EC0-301F-11D3-BF4B-00C04F79EFBC}") = "Sample", "Sample\Sample.csproj", "{6B162BF0-F29F-487D-BF4A-2EF9AEDB6466}"
EndProject
Global
	GlobalSection(SolutionConfigurationPlatforms) = preSolution
		Debug|Any CPU = Debug|Any CPU
		Release|Any CPU = Release|Any CPU
	EndGlobalSection
	GlobalSection(ProjectConfigurationPlatforms) = postSolution
		{4C7872EA-E5C9-4EF7-B376-60D3B6134B37}.Debug|Any CPU.ActiveCfg = Debug|Any CPU
		{4C7872EA-E5C9-4EF7-B376-60D3B6134B37}.Debug|Any CPU.Build.0 = Debug|Any CPU
		{4C7872EA-E5C9-4EF7-B376-60D3B6134B37}.Release|Any CPU.ActiveCfg = Release|Any CPU
		{4C7872EA-E5C9-4EF7-B376-60D3B6134B37}.Release|Any CPU.Build.0 = Release|Any CPU
		{6B162BF0-F29F-487D-BF4A-2EF9AEDB6466}.Debug|Any CPU.ActiveCfg = Debug|Any CPU
		{6B162BF0-F29F-487D-BF4A-2EF9AEDB6466}.Debug|Any CPU.Build.0 = Debug|Any CPU
		{6B162BF0-F29F-487D-BF4A-2EF9AEDB6466}.Debug|Any CPU.Deploy.0 = Debug|Any CPU
		{6B162BF0-F29F-487D-BF4A-2EF9AEDB6466}.Release|Any CPU.ActiveCfg = Release|Any CPU
		{6B162BF0-F29F-487D-BF4A-2EF9AEDB6466}.Release|Any CPU.Build.0 = Release|Any CPU
		{6B162BF0-F29F-487D-BF4A-2EF9AEDB6466}.Release|Any CPU.Deploy.0 = Release|Any CPU
	EndGlobalSection
	GlobalSection(SolutionProperties) = preSolution
		HideSolutionNode = FALSE
	EndGlobalSection
EndGlobal
